# THIS IS AN AUTOGENERATED FILE. DO NOT EDIT THIS FILE DIRECTLY.
# yarn lockfile v1


"@types/commander@^2.12.2":
  version "2.12.2"
  resolved "https://registry.yarnpkg.com/@types/commander/-/commander-2.12.2.tgz#183041a23842d4281478fa5d23c5ca78e6fd08ae"
  integrity sha512-0QEFiR8ljcHp9bAbWxecjVRuAMr16ivPiGOw6KFQBVrVd0RQIcM3xKdRisH2EDWgVWujiYtHwhSkSUoAAGzH7Q==
  dependencies:
    commander "*"

"@types/event-stream@^3.3.34":
  version "3.3.34"
  resolved "https://registry.yarnpkg.com/@types/event-stream/-/event-stream-3.3.34.tgz#104bcedd5c61f90917b734bde04e61c6e64f03e1"
  integrity sha512-LLiivgWKii4JeMzFy3trrxqkRrVSdue8WmbXyHuSJLwNrhIQU5MTrc65jhxEPwMyh5HR1xevSdD+k2nnSRKw9g==
  dependencies:
    "@types/node" "*"

"@types/node@*", "@types/node@^10.12.18":
  version "10.12.18"
  resolved "https://registry.yarnpkg.com/@types/node/-/node-10.12.18.tgz#1d3ca764718915584fcd9f6344621b7672665c67"
  integrity sha512-fh+pAqt4xRzPfqA6eh3Z2y6fyZavRIumvjhaCL753+TVkGKGhpPeyrJG2JftD0T9q4GF00KjefsQ+PQNDdWQaQ==

JSONStream@^1.3.5:
  version "1.3.5"
  resolved "https://registry.yarnpkg.com/JSONStream/-/JSONStream-1.3.5.tgz#3208c1f08d3a4d99261ab64f92302bc15e111ca0"
  integrity sha512-E+iruNOY8VV9s4JEbe1aNEm6MiszPRr/UfcHMz0TQh1BXSxHK+ASV1R6W4HpjBhSeS+54PIsAMCBmwD06LLsqQ==
  dependencies:
    jsonparse "^1.2.0"
    through ">=2.2.7 <3"

commander@*, commander@^2.19.0:
  version "2.19.0"
  resolved "https://registry.yarnpkg.com/commander/-/commander-2.19.0.tgz#f6198aa84e5b83c46054b94ddedbfed5ee9ff12a"
  integrity sha512-6tvAOO+D6OENvRAh524Dh9jcfKTYDQAqvqezbCW82xj5X0pSrcpxtvRKHLG0yBY6SD7PSDrJaj+0AiOcKVd1Xg==

duplexer@^0.1.1, duplexer@~0.1.1:
  version "0.1.1"
  resolved "https://registry.yarnpkg.com/duplexer/-/duplexer-0.1.1.tgz#ace6ff808c1ce66b57d1ebf97977acb02334cfc1"
  integrity sha1-rOb/gIwc5mtX0ev5eXessCM0z8E=

event-stream@^4.0.1:
  version "4.0.1"
  resolved "https://registry.yarnpkg.com/event-stream/-/event-stream-4.0.1.tgz#4092808ec995d0dd75ea4580c1df6a74db2cde65"
  integrity sha512-qACXdu/9VHPBzcyhdOWR5/IahhGMf0roTeZJfzz077GwylcDd90yOHLouhmv7GJ5XzPi6ekaQWd8AvPP2nOvpA==
  dependencies:
    duplexer "^0.1.1"
    from "^0.1.7"
    map-stream "0.0.7"
    pause-stream "^0.0.11"
    split "^1.0.1"
    stream-combiner "^0.2.2"
    through "^2.3.8"

from@^0.1.7:
  version "0.1.7"
  resolved "https://registry.yarnpkg.com/from/-/from-0.1.7.tgz#83c60afc58b9c56997007ed1a768b3ab303a44fe"
  integrity sha1-g8YK/Fi5xWmXAH7Rp2izqzA6RP4=

jsonparse@^1.2.0:
  version "1.3.1"
  resolved "https://registry.yarnpkg.com/jsonparse/-/jsonparse-1.3.1.tgz#3f4dae4a91fac315f71062f8521cc239f1366280"
  integrity sha1-P02uSpH6wxX3EGL4UhzCOfE2YoA=

map-stream@0.0.7:
  version "0.0.7"
  resolved "https://registry.yarnpkg.com/map-stream/-/map-stream-0.0.7.tgz#8a1f07896d82b10926bd3744a2420009f88974a8"
  integrity sha1-ih8HiW2CsQkmvTdEokIACfiJdKg=

pause-stream@^0.0.11:
  version "0.0.11"
  resolved "https://registry.yarnpkg.com/pause-stream/-/pause-stream-0.0.11.tgz#fe5a34b0cbce12b5aa6a2b403ee2e73b602f1445"
  integrity sha1-/lo0sMvOErWqaitAPuLnO2AvFEU=
  dependencies:
    through "~2.3"

split@^1.0.1:
  version "1.0.1"
  resolved "https://registry.yarnpkg.com/split/-/split-1.0.1.tgz#605bd9be303aa59fb35f9229fbea0ddec9ea07d9"
  integrity sha512-mTyOoPbrivtXnwnIxZRFYRrPNtEFKlpB2fvjSnCQUiAA6qAZzqwna5envK4uk6OIeP17CsdF3rSBGYVBsU0Tkg==
  dependencies:
    through "2"

stream-combiner@^0.2.2:
  version "0.2.2"
  resolved "https://registry.yarnpkg.com/stream-combiner/-/stream-combiner-0.2.2.tgz#aec8cbac177b56b6f4fa479ced8c1912cee52858"
  integrity sha1-rsjLrBd7Vrb0+kec7YwZEs7lKFg=
  dependencies:
    duplexer "~0.1.1"
    through "~2.3.4"

through@2, "through@>=2.2.7 <3", through@^2.3.8, through@~2.3, through@~2.3.4:
  version "2.3.8"
  resolved "https://registry.yarnpkg.com/through/-/through-2.3.8.tgz#0dd4c9ffaabc357960b1b724115d7e0e86a2e1f5"
  integrity sha1-DdTJ/6q8NXlgsbckEV1+Doai4fU=

typescript@~3.1.6:
  version "3.1.6"
  resolved "https://registry.yarnpkg.com/typescript/-/typescript-3.1.6.tgz#b6543a83cfc8c2befb3f4c8fba6896f5b0c9be68"
  integrity sha512-tDMYfVtvpb96msS1lDX9MEdHrW4yOuZ4Kdc4Him9oU796XldPYF/t2+uKoX0BBa0hXXwDlqYQbXY5Rzjzc5hBA==
